
Microsoft Visual Studio Solution File, Format Version 11.00
# Visual Studio 2010
Project("{FAE04EC0-301F-11D3-BF4B-00C04F79EFBC}") = "Assembly-CSharp-firstpass", "Assembly-CSharp-firstpass.csproj", "{24425F9C-8E10-36F7-F21B-BA8BFDE169F4}"
EndProject
Project("{FAE04EC0-301F-11D3-BF4B-00C04F79EFBC}") = "Assembly-CSharp", "Assembly-CSharp.csproj", "{FBC6295A-5A1F-F6F6-77DF-2651E33E2E59}"
EndProject
Project("{FAE04EC0-301F-11D3-BF4B-00C04F79EFBC}") = "Assembly-CSharp-Editor-firstpass", "Assembly-CSharp-Editor-firstpass.csproj", "{E7650FCB-321B-DAFD-185D-BD7D185FCB17}"
EndProject
Global
	GlobalSection(SolutionConfigurationPlatforms) = preSolution
		Debug|Any CPU = Debug|Any CPU
		Release|Any CPU = Release|Any CPU
	EndGlobalSection
	GlobalSection(ProjectConfigurationPlatforms) = postSolution
		{24425F9C-8E10-36F7-F21B-BA8BFDE169F4}.Debug|Any CPU.ActiveCfg = Debug|Any CPU
		{24425F9C-8E10-36F7-F21B-BA8BFDE169F4}.Debug|Any CPU.Build.0 = Debug|Any CPU
		{24425F9C-8E10-36F7-F21B-BA8BFDE169F4}.Release|Any CPU.ActiveCfg = Release|Any CPU
		{24425F9C-8E10-36F7-F21B-BA8BFDE169F4}.Release|Any CPU.Build.0 = Release|Any CPU
		{FBC6295A-5A1F-F6F6-77DF-2651E33E2E59}.Debug|Any CPU.ActiveCfg = Debug|Any CPU
		{FBC6295A-5A1F-F6F6-77DF-2651E33E2E59}.Debug|Any CPU.Build.0 = Debug|Any CPU
		{FBC6295A-5A1F-F6F6-77DF-2651E33E2E59}.Release|Any CPU.ActiveCfg = Release|Any CPU
		{FBC6295A-5A1F-F6F6-77DF-2651E33E2E59}.Release|Any CPU.Build.0 = Release|Any CPU
		{E7650FCB-321B-DAFD-185D-BD7D185FCB17}.Debug|Any CPU.ActiveCfg = Debug|Any CPU
		{E7650FCB-321B-DAFD-185D-BD7D185FCB17}.Debug|Any CPU.Build.0 = Debug|Any CPU
		{E7650FCB-321B-DAFD-185D-BD7D185FCB17}.Release|Any CPU.ActiveCfg = Release|Any CPU
		{E7650FCB-321B-DAFD-185D-BD7D185FCB17}.Release|Any CPU.Build.0 = Release|Any CPU
	EndGlobalSection
	GlobalSection(SolutionProperties) = preSolution
		HideSolutionNode = FALSE
	EndGlobalSection
EndGlobal
